
Microsoft Visual Studio Solution File, Format Version 12.00
# Visual Studio Version 17
VisualStudioVersion = 17.9.34607.119
MinimumVisualStudioVersion = 10.0.40219.1
Project("{FAE04EC0-301F-11D3-BF4B-00C04F79EFBC}") = "Bookworm", "Bookworm\Bookworm.csproj", "{6707966E-ED71-4A4C-B257-BFFAE38FB76A}"
EndProject
Global
	GlobalSection(SolutionConfigurationPlatforms) = preSolution
		Debug|Any CPU = Debug|Any CPU
		Release|Any CPU = Release|Any CPU
	EndGlobalSection
	GlobalSection(ProjectConfigurationPlatforms) = postSolution
		{6707966E-ED71-4A4C-B257-BFFAE38FB76A}.Debug|Any CPU.ActiveCfg = Debug|Any CPU
		{6707966E-ED71-4A4C-B257-BFFAE38FB76A}.Debug|Any CPU.Build.0 = Debug|Any CPU
		{6707966E-ED71-4A4C-B257-BFFAE38FB76A}.Release|Any CPU.ActiveCfg = Release|Any CPU
		{6707966E-ED71-4A4C-B257-BFFAE38FB76A}.Release|Any CPU.Build.0 = Release|Any CPU
	EndGlobalSection
	GlobalSection(SolutionProperties) = preSolution
		HideSolutionNode = FALSE
	EndGlobalSection
	GlobalSection(ExtensibilityGlobals) = postSolution
		SolutionGuid = {573DA206-EAC0-415F-893D-4F669C32D753}
	EndGlobalSection
EndGlobal
